github.com/Comcast/gots v0.0.0-20190710000900-09fbf4e0b505/go.mod h1:Mk3QwecRoaG2Qh+uiS8t8IOd7QlKl7Xp1ujNRn/zJxw=
github.com/davecgh/go-spew v1.1.0/go.mod h1:J7Y8YcW2NihsgmVo/mv3lAwl/skON4iLHjSsI+c5H38=
github.com/davecgh/go-spew v1.1.2-0.20180830191138-d8f796af33cc/go.mod h1:J7Y8YcW2NihsgmVo/mv3lAwl/skON4iLHjSsI+c5H38=
github.com/go-test/deep v1.0.3/go.mod h1:wGDj63lr65AM2AQyKZd/NYHGb0R+1RLqB8NKt3aSFNA=
github.com/pmezard/go-difflib v1.0.0/go.mod h1:iKH77koFhYxTK1pcRnkKkqfTogsbg7gZNVY4sRDYZ/4=
github.com/stretchr/objx v0.1.0/go.mod h1:HFkY916IF+rwdDfMAkV7OtwuqBVzrE8GR6GFx+wExME=
github.com/stretchr/testify v1.3.0/go.mod h1:M5WIy9Dh21IEIfnGCwXGc5bZfKNJtfHm1UVUgZn+9EI=
github.com/zencoder/bolt-fmp4 v0.0.0-20230803183534-6bcb6d2c8c6c h1:I6sk7clQ85VwIhTDESuKxRnWJ4N2cO7JDatV9rc/y60=
github.com/zencoder/bolt-fmp4 v0.0.0-20230803183534-6bcb6d2c8c6c/go.mod h1:7pEH6cwi1h4/ACowlsHAwXRb4JDQI2H2JHHFPYlMNKc=
